
Microsoft Visual Studio Solution File, Format Version 12.00
# Visual Studio Version 17
VisualStudioVersion = 17.5.002.0
MinimumVisualStudioVersion = 10.0.40219.1
Project("{9A19103F-16F7-4668-BE54-9A1E7A4F7556}") = "DesafioFundamentos", "DesafioFundamentos\DesafioFundamentos.csproj", "{42E14450-ABB0-41F9-B1E9-9CF4120F7898}"
EndProject
Global
	GlobalSection(SolutionConfigurationPlatforms) = preSolution
		Debug|Any CPU = Debug|Any CPU
		Release|Any CPU = Release|Any CPU
	EndGlobalSection
	GlobalSection(ProjectConfigurationPlatforms) = postSolution
		{42E14450-ABB0-41F9-B1E9-9CF4120F7898}.Debug|Any CPU.ActiveCfg = Debug|Any CPU
		{42E14450-ABB0-41F9-B1E9-9CF4120F7898}.Debug|Any CPU.Build.0 = Debug|Any CPU
		{42E14450-ABB0-41F9-B1E9-9CF4120F7898}.Release|Any CPU.ActiveCfg = Release|Any CPU
		{42E14450-ABB0-41F9-B1E9-9CF4120F7898}.Release|Any CPU.Build.0 = Release|Any CPU
	EndGlobalSection
	GlobalSection(SolutionProperties) = preSolution
		HideSolutionNode = FALSE
	EndGlobalSection
	GlobalSection(ExtensibilityGlobals) = postSolution
		SolutionGuid = {6A6F8B20-0811-4381-A712-A2F72B99C6A0}
	EndGlobalSection
EndGlobal
